
Microsoft Visual Studio Solution File, Format Version 12.00
# Visual Studio Version 16
VisualStudioVersion = 16.0.30503.244
MinimumVisualStudioVersion = 10.0.40219.1
Project("{FAE04EC0-301F-11D3-BF4B-00C04F79EFBC}") = "HomeMentor", "HomeMentor\HomeMentor.csproj", "{1E39BA48-963D-4A01-ACC4-A1587063E056}"
EndProject
Project("{FAE04EC0-301F-11D3-BF4B-00C04F79EFBC}") = "Shared", "Shared\Shared.csproj", "{D7F19780-B8F3-4429-8888-A965FBD5260D}"
EndProject
Project("{FAE04EC0-301F-11D3-BF4B-00C04F79EFBC}") = "CostModule", "CostModule\CostModule.csproj", "{5A610219-B47E-4D9F-A022-7E6311C87408}"
EndProject
Global
	GlobalSection(SolutionConfigurationPlatforms) = preSolution
		Debug|Any CPU = Debug|Any CPU
		Release|Any CPU = Release|Any CPU
	EndGlobalSection
	GlobalSection(ProjectConfigurationPlatforms) = postSolution
		{1E39BA48-963D-4A01-ACC4-A1587063E056}.Debug|Any CPU.ActiveCfg = Debug|Any CPU
		{1E39BA48-963D-4A01-ACC4-A1587063E056}.Debug|Any CPU.Build.0 = Debug|Any CPU
		{1E39BA48-963D-4A01-ACC4-A1587063E056}.Release|Any CPU.ActiveCfg = Release|Any CPU
		{1E39BA48-963D-4A01-ACC4-A1587063E056}.Release|Any CPU.Build.0 = Release|Any CPU
		{D7F19780-B8F3-4429-8888-A965FBD5260D}.Debug|Any CPU.ActiveCfg = Debug|Any CPU
		{D7F19780-B8F3-4429-8888-A965FBD5260D}.Debug|Any CPU.Build.0 = Debug|Any CPU
		{D7F19780-B8F3-4429-8888-A965FBD5260D}.Release|Any CPU.ActiveCfg = Release|Any CPU
		{D7F19780-B8F3-4429-8888-A965FBD5260D}.Release|Any CPU.Build.0 = Release|Any CPU
		{5A610219-B47E-4D9F-A022-7E6311C87408}.Debug|Any CPU.ActiveCfg = Debug|Any CPU
		{5A610219-B47E-4D9F-A022-7E6311C87408}.Debug|Any CPU.Build.0 = Debug|Any CPU
		{5A610219-B47E-4D9F-A022-7E6311C87408}.Release|Any CPU.ActiveCfg = Release|Any CPU
		{5A610219-B47E-4D9F-A022-7E6311C87408}.Release|Any CPU.Build.0 = Release|Any CPU
	EndGlobalSection
	GlobalSection(SolutionProperties) = preSolution
		HideSolutionNode = FALSE
	EndGlobalSection
	GlobalSection(ExtensibilityGlobals) = postSolution
		SolutionGuid = {F6F8CC0F-DF2D-4FF4-83D7-67747F133703}
	EndGlobalSection
EndGlobal
